{
  "version": 4,
  "terraform_version": "1.10.0",
  "serial": 12,
  "lineage": "87fe5900-8aa3-3d80-1c9e-1e72d9ffc6f8",
  "outputs": {},
  "resources": [
    {
      "mode": "managed",
      "type": "aws_instance",
      "name": "demo-instance",
      "provider": "provider[\"registry.terraform.io/hashicorp/aws\"]",
      "instances": [
        {
          "schema_version": 1,
          "attributes": {
            "ami": "ami-0f935a2ecd3a7bd5c",
            "arn": "arn:aws:ec2:ap-southeast-1:588738575116:instance/i-08106bbecae572de5",
            "associate_public_ip_address": true,
            "availability_zone": "ap-southeast-1b",
            "capacity_reservation_specification": [
              {
                "capacity_reservation_preference": "open",
                "capacity_reservation_target": []
              }
            ],
            "cpu_core_count": 1,
            "cpu_options": [
              {
                "amd_sev_snp": "",
                "core_count": 1,
                "threads_per_core": 2
              }
            ],
            "cpu_threads_per_core": 2,
            "credit_specification": [],
            "disable_api_stop": false,
            "disable_api_termination": false,
            "ebs_block_device": [],
            "ebs_optimized": false,
            "enclave_options": [
              {
                "enabled": false
              }
            ],
            "ephemeral_block_device": [],
            "get_password_data": false,
            "hibernation": false,
            "host_id": "",
            "host_resource_group_arn": null,
            "iam_instance_profile": "",
            "id": "i-08106bbecae572de5",
            "instance_initiated_shutdown_behavior": "stop",
            "instance_lifecycle": "",
            "instance_market_options": [],
            "instance_state": "running",
            "instance_type": "m3.large",
            "ipv6_address_count": 0,
            "ipv6_addresses": [],
            "key_name": "udemy-keypair",
            "launch_template": [],
            "maintenance_options": [
              {
                "auto_recovery": "default"
              }
            ],
            "metadata_options": [
              {
                "http_endpoint": "enabled",
                "http_protocol_ipv6": "disabled",
                "http_put_response_hop_limit": 2,
                "http_tokens": "required",
                "instance_metadata_tags": "disabled"
              }
            ],
            "monitoring": false,
            "network_interface": [],
            "outpost_arn": "",
            "password_data": "",
            "placement_group": "",
            "placement_partition_number": 0,
            "primary_network_interface_id": "eni-0ba759ca59d80e893",
            "private_dns": "ip-172-31-45-191.ap-southeast-1.compute.internal",
            "private_dns_name_options": [
              {
                "enable_resource_name_dns_a_record": false,
                "enable_resource_name_dns_aaaa_record": false,
                "hostname_type": "ip-name"
              }
            ],
            "private_ip": "172.31.45.191",
            "public_dns": "ec2-13-250-19-76.ap-southeast-1.compute.amazonaws.com",
            "public_ip": "13.250.19.76",
            "root_block_device": [
              {
                "delete_on_termination": true,
                "device_name": "/dev/xvda",
                "encrypted": false,
                "iops": 3000,
                "kms_key_id": "",
                "tags": {},
                "tags_all": {},
                "throughput": 125,
                "volume_id": "vol-065bb3571a02c7ef5",
                "volume_size": 8,
                "volume_type": "gp3"
              }
            ],
            "secondary_private_ips": [],
            "security_groups": [
              "test-security-group"
            ],
            "source_dest_check": true,
            "spot_instance_request_id": "",
            "subnet_id": "subnet-0d5416e15bc09280e",
            "tags": {
              "Company": "CMC-Japan",
              "Domain": "DevOps",
              "Name": "Udemy Demo"
            },
            "tags_all": {
              "Company": "CMC-Japan",
              "Domain": "DevOps",
              "Name": "Udemy Demo"
            },
            "tenancy": "default",
            "timeouts": null,
            "user_data": null,
            "user_data_base64": null,
            "user_data_replace_on_change": false,
            "volume_tags": null,
            "vpc_security_group_ids": [
              "sg-0266b1c0a9ace52ed"
            ]
          },
          "sensitive_attributes": [],
          "private": "eyJlMmJmYjczMC1lY2FhLTExZTYtOGY4OC0zNDM2M2JjN2M0YzAiOnsiY3JlYXRlIjo2MDAwMDAwMDAwMDAsImRlbGV0ZSI6MTIwMDAwMDAwMDAwMCwicmVhZCI6OTAwMDAwMDAwMDAwLCJ1cGRhdGUiOjYwMDAwMDAwMDAwMH0sInNjaGVtYV92ZXJzaW9uIjoiMSJ9",
          "dependencies": [
            "aws_key_pair.udemy-keypair",
            "aws_security_group.test-security-group"
          ]
        }
      ]
    },
    {
      "mode": "managed",
      "type": "aws_key_pair",
      "name": "udemy-keypair",
      "provider": "provider[\"registry.terraform.io/hashicorp/aws\"]",
      "instances": [
        {
          "schema_version": 1,
          "attributes": {
            "arn": "arn:aws:ec2:ap-southeast-1:588738575116:key-pair/udemy-keypair",
            "fingerprint": "25:b3:92:b8:7e:cf:dc:5f:c7:66:cf:58:e6:39:73:bb",
            "id": "udemy-keypair",
            "key_name": "udemy-keypair",
            "key_name_prefix": "",
            "key_pair_id": "key-0d909814c797f5a1c",
            "key_type": "rsa",
            "public_key": "ssh-rsa AAAAB3NzaC1yc2EAAAADAQABAAACAQCX4E06v3kWjFE/fy2TN+RHox8EZTQg1blCPuhrIzeVBuXfMBe3VNV2Apo449r9lqesZTOzXr9u6Y61B6Bf38b5OL+gc/4IvqZcW+ONkXjdZIzX3x3wOGjsP7z9QB2rmYwDEcgeN+Xwmzve4jIpPwrlK7YxdUNBbwMGjV8owWbxi5lPc4L7V4mKw0OUx3yALK65RqXb8JPzGZuuaeNag7LttuSWb5d0of9IimDheBGy8qrQbNeRYKE9wzt+sXV5s5qXNmiSM2YMo6BXaLWjVirlbPbe9bZc3sdFdJ82wC/HdcrgBqnk076lDtykHabmiGn6U4C2SW8vH9ol2KCvdaXTkiDnNrkpWj8yI9lJtTt1PFfvTvMYzRuHX4rD6fgk0wOsuNVip61+G+F/m4qw+vQ7CaiTJtkmFwxfmYVrgZIakXY8NvQcDNlzK0KmpTROZzOEeaK2tspwfQhFFstQkf/sKzl4BfJMB17EqY45EOgHDEzGqPA+OK5xlBLW6OaDGczvltujvh48H9U0VWXl9K9AA/YEBvkLjOyN6FJP/G+Qjpd2Ad7lOmxNuhoNYyHJUcsMSlKyq9eLZvAFUilv4NyRJ1p9ZzYX5jLTAOdHoBbEKOH/FTdnv8JHzQbhNlxJ/zr+NSryIGCT524lM3sCxahOtCOP11Sxn3QtJwSyuSKyew== hainam.nguyen.880@gmail.com",
            "tags": null,
            "tags_all": {}
          },
          "sensitive_attributes": [],
          "private": "eyJzY2hlbWFfdmVyc2lvbiI6IjEifQ=="
        }
      ]
    },
    {
      "mode": "managed",
      "type": "aws_security_group",
      "name": "test-security-group",
      "provider": "provider[\"registry.terraform.io/hashicorp/aws\"]",
      "instances": [
        {
          "schema_version": 1,
          "attributes": {
            "arn": "arn:aws:ec2:ap-southeast-1:588738575116:security-group/sg-0266b1c0a9ace52ed",
            "description": "test-security-group",
            "egress": [
              {
                "cidr_blocks": [
                  "0.0.0.0/0"
                ],
                "description": "",
                "from_port": 0,
                "ipv6_cidr_blocks": [],
                "prefix_list_ids": [],
                "protocol": "-1",
                "security_groups": [],
                "self": false,
                "to_port": 0
              }
            ],
            "id": "sg-0266b1c0a9ace52ed",
            "ingress": [
              {
                "cidr_blocks": [
                  "0.0.0.0/0"
                ],
                "description": "",
                "from_port": 22,
                "ipv6_cidr_blocks": [],
                "prefix_list_ids": [],
                "protocol": "tcp",
                "security_groups": [],
                "self": false,
                "to_port": 22
              },
              {
                "cidr_blocks": [
                  "0.0.0.0/0"
                ],
                "description": "",
                "from_port": 443,
                "ipv6_cidr_blocks": [],
                "prefix_list_ids": [],
                "protocol": "tcp",
                "security_groups": [],
                "self": false,
                "to_port": 443
              },
              {
                "cidr_blocks": [
                  "0.0.0.0/0"
                ],
                "description": "",
                "from_port": 80,
                "ipv6_cidr_blocks": [],
                "prefix_list_ids": [],
                "protocol": "tcp",
                "security_groups": [],
                "self": false,
                "to_port": 80
              }
            ],
            "name": "test-security-group",
            "name_prefix": "",
            "owner_id": "588738575116",
            "revoke_rules_on_delete": false,
            "tags": null,
            "tags_all": {},
            "timeouts": null,
            "vpc_id": "vpc-061dc944050b162ae"
          },
          "sensitive_attributes": [],
          "private": "eyJlMmJmYjczMC1lY2FhLTExZTYtOGY4OC0zNDM2M2JjN2M0YzAiOnsiY3JlYXRlIjo2MDAwMDAwMDAwMDAsImRlbGV0ZSI6OTAwMDAwMDAwMDAwfSwic2NoZW1hX3ZlcnNpb24iOiIxIn0="
        }
      ]
    }
  ],
  "check_results": null
}
